{
  "name": "trpc",
  "version": "1.0.0",
  "lockfileVersion": 3,
  "requires": true,
  "packages": {
    "": {
      "name": "trpc",
      "version": "1.0.0",
      "license": "ISC",
      "dependencies": {
        "@trpc/client": "^11.0.0-rc.498",
        "@trpc/server": "^11.0.0-rc.498",
        "zod": "^3.23.8"
      }
    },
    "node_modules/@trpc/client": {
      "version": "11.0.0-rc.498",
      "resolved": "https://registry.npmjs.org/@trpc/client/-/client-11.0.0-rc.498.tgz",
      "integrity": "sha512-a1VjvLHCo8gPENMfzI8lVF1ys6kOGI3f/cIAZUMB0d2TlkDERlFYANnSnzFvmiKy6ICh3lsQQ3OIMmIfyd8OtQ==",
      "funding": [
        "https://trpc.io/sponsor"
      ],
      "peerDependencies": {
        "@trpc/server": "11.0.0-rc.498+5714423cc"
      }
    },
    "node_modules/@trpc/server": {
      "version": "11.0.0-rc.498",
      "resolved": "https://registry.npmjs.org/@trpc/server/-/server-11.0.0-rc.498.tgz",
      "integrity": "sha512-LECCOz8JNB67CBasPA6fkLbhJIbUQRP1wq02xUfUMeaSEZFWJL+7fcTgLaWFQSHMMnMsvkLuDuDDkUSCF2SXmg==",
      "funding": [
        "https://trpc.io/sponsor"
      ]
    },
    "node_modules/zod": {
      "version": "3.23.8",
      "resolved": "https://registry.npmjs.org/zod/-/zod-3.23.8.tgz",
      "integrity": "sha512-XBx9AXhXktjUqnepgTiE5flcKIYWi/rme0Eaj+5Y0lftuGBq+jyRu/md4WnuxqgP1ubdpNCsYEYPxrzVHD8d6g==",
      "funding": {
        "url": "https://github.com/sponsors/colinhacks"
      }
    }
  }
}
